
Microsoft Visual Studio Solution File, Format Version 12.00
# Visual Studio 15
VisualStudioVersion = 15.0.28307.168
MinimumVisualStudioVersion = 10.0.40219.1
Project("{9A19103F-16F7-4668-BE54-9A1E7A4F7556}") = "01.Concert", "01\01.Concert.csproj", "{28E6A30B-A805-4BCC-BA6A-366915E0F007}"
EndProject
Project("{9A19103F-16F7-4668-BE54-9A1E7A4F7556}") = "02.SongEncryption", "02\02.SongEncryption.csproj", "{5D428A6D-BE2C-4493-961E-E2151B34E22C}"
EndProject
Project("{FAE04EC0-301F-11D3-BF4B-00C04F79EFBC}") = "02a", "02a\02a.csproj", "{81B79EC6-B7F6-43BE-AE1E-BAB1CA88986B}"
EndProject
Global
	GlobalSection(SolutionConfigurationPlatforms) = preSolution
		Debug|Any CPU = Debug|Any CPU
		Release|Any CPU = Release|Any CPU
	EndGlobalSection
	GlobalSection(ProjectConfigurationPlatforms) = postSolution
		{28E6A30B-A805-4BCC-BA6A-366915E0F007}.Debug|Any CPU.ActiveCfg = Debug|Any CPU
		{28E6A30B-A805-4BCC-BA6A-366915E0F007}.Debug|Any CPU.Build.0 = Debug|Any CPU
		{28E6A30B-A805-4BCC-BA6A-366915E0F007}.Release|Any CPU.ActiveCfg = Release|Any CPU
		{28E6A30B-A805-4BCC-BA6A-366915E0F007}.Release|Any CPU.Build.0 = Release|Any CPU
		{5D428A6D-BE2C-4493-961E-E2151B34E22C}.Debug|Any CPU.ActiveCfg = Debug|Any CPU
		{5D428A6D-BE2C-4493-961E-E2151B34E22C}.Debug|Any CPU.Build.0 = Debug|Any CPU
		{5D428A6D-BE2C-4493-961E-E2151B34E22C}.Release|Any CPU.ActiveCfg = Release|Any CPU
		{5D428A6D-BE2C-4493-961E-E2151B34E22C}.Release|Any CPU.Build.0 = Release|Any CPU
		{81B79EC6-B7F6-43BE-AE1E-BAB1CA88986B}.Debug|Any CPU.ActiveCfg = Debug|Any CPU
		{81B79EC6-B7F6-43BE-AE1E-BAB1CA88986B}.Debug|Any CPU.Build.0 = Debug|Any CPU
		{81B79EC6-B7F6-43BE-AE1E-BAB1CA88986B}.Release|Any CPU.ActiveCfg = Release|Any CPU
		{81B79EC6-B7F6-43BE-AE1E-BAB1CA88986B}.Release|Any CPU.Build.0 = Release|Any CPU
	EndGlobalSection
	GlobalSection(SolutionProperties) = preSolution
		HideSolutionNode = FALSE
	EndGlobalSection
	GlobalSection(ExtensibilityGlobals) = postSolution
		SolutionGuid = {EC782D3F-2A9A-49FE-B078-149E972A8D76}
	EndGlobalSection
EndGlobal
