
Microsoft Visual Studio Solution File, Format Version 12.00
# Visual Studio 15
VisualStudioVersion = 15.0.28307.136
MinimumVisualStudioVersion = 10.0.40219.1
Project("{FAE04EC0-301F-11D3-BF4B-00C04F79EFBC}") = "04.PokemonEvolution", "04.PokemonEvolution\04.PokemonEvolution.csproj", "{4E93BDCB-6E1E-4357-B5A4-A2D7A8588D77}"
EndProject
Project("{FAE04EC0-301F-11D3-BF4B-00C04F79EFBC}") = "03.Regexmon", "03.Regexmon\03.Regexmon.csproj", "{7FF3D3CF-0F89-4D9A-B95A-042BCBE21C6A}"
EndProject
Global
	GlobalSection(SolutionConfigurationPlatforms) = preSolution
		Debug|Any CPU = Debug|Any CPU
		Release|Any CPU = Release|Any CPU
	EndGlobalSection
	GlobalSection(ProjectConfigurationPlatforms) = postSolution
		{4E93BDCB-6E1E-4357-B5A4-A2D7A8588D77}.Debug|Any CPU.ActiveCfg = Debug|Any CPU
		{4E93BDCB-6E1E-4357-B5A4-A2D7A8588D77}.Debug|Any CPU.Build.0 = Debug|Any CPU
		{4E93BDCB-6E1E-4357-B5A4-A2D7A8588D77}.Release|Any CPU.ActiveCfg = Release|Any CPU
		{4E93BDCB-6E1E-4357-B5A4-A2D7A8588D77}.Release|Any CPU.Build.0 = Release|Any CPU
		{7FF3D3CF-0F89-4D9A-B95A-042BCBE21C6A}.Debug|Any CPU.ActiveCfg = Debug|Any CPU
		{7FF3D3CF-0F89-4D9A-B95A-042BCBE21C6A}.Debug|Any CPU.Build.0 = Debug|Any CPU
		{7FF3D3CF-0F89-4D9A-B95A-042BCBE21C6A}.Release|Any CPU.ActiveCfg = Release|Any CPU
		{7FF3D3CF-0F89-4D9A-B95A-042BCBE21C6A}.Release|Any CPU.Build.0 = Release|Any CPU
	EndGlobalSection
	GlobalSection(SolutionProperties) = preSolution
		HideSolutionNode = FALSE
	EndGlobalSection
	GlobalSection(ExtensibilityGlobals) = postSolution
		SolutionGuid = {66D60BC6-A058-421B-A18A-F11542BBFC39}
	EndGlobalSection
EndGlobal
