
Microsoft Visual Studio Solution File, Format Version 12.00
# Visual Studio 15
VisualStudioVersion = 15.0.28307.106
MinimumVisualStudioVersion = 10.0.40219.1
Project("{9A19103F-16F7-4668-BE54-9A1E7A4F7556}") = "03.PostOffice", "03.PostOffice\03.PostOffice.csproj", "{2D789673-A7A6-4C49-A1ED-D543EF61EAE7}"
EndProject
Project("{FAE04EC0-301F-11D3-BF4B-00C04F79EFBC}") = "04.IronGirder", "04.IronGirder\04.IronGirder.csproj", "{5C1E1DAD-3483-4E3D-8E80-1A49224FC433}"
EndProject
Global
	GlobalSection(SolutionConfigurationPlatforms) = preSolution
		Debug|Any CPU = Debug|Any CPU
		Release|Any CPU = Release|Any CPU
	EndGlobalSection
	GlobalSection(ProjectConfigurationPlatforms) = postSolution
		{2D789673-A7A6-4C49-A1ED-D543EF61EAE7}.Debug|Any CPU.ActiveCfg = Debug|Any CPU
		{2D789673-A7A6-4C49-A1ED-D543EF61EAE7}.Debug|Any CPU.Build.0 = Debug|Any CPU
		{2D789673-A7A6-4C49-A1ED-D543EF61EAE7}.Release|Any CPU.ActiveCfg = Release|Any CPU
		{2D789673-A7A6-4C49-A1ED-D543EF61EAE7}.Release|Any CPU.Build.0 = Release|Any CPU
		{5C1E1DAD-3483-4E3D-8E80-1A49224FC433}.Debug|Any CPU.ActiveCfg = Debug|Any CPU
		{5C1E1DAD-3483-4E3D-8E80-1A49224FC433}.Debug|Any CPU.Build.0 = Debug|Any CPU
		{5C1E1DAD-3483-4E3D-8E80-1A49224FC433}.Release|Any CPU.ActiveCfg = Release|Any CPU
		{5C1E1DAD-3483-4E3D-8E80-1A49224FC433}.Release|Any CPU.Build.0 = Release|Any CPU
	EndGlobalSection
	GlobalSection(SolutionProperties) = preSolution
		HideSolutionNode = FALSE
	EndGlobalSection
	GlobalSection(ExtensibilityGlobals) = postSolution
		SolutionGuid = {C77AC044-F14A-4720-8EA6-3561DB93CBFA}
	EndGlobalSection
EndGlobal
