
Microsoft Visual Studio Solution File, Format Version 12.00
# Visual Studio 15
VisualStudioVersion = 15.0.28010.2046
MinimumVisualStudioVersion = 10.0.40219.1
Project("{9A19103F-16F7-4668-BE54-9A1E7A4F7556}") = "01.Messaging", "01.Messaging\01.Messaging.csproj", "{AD6D1989-8886-4623-A1F8-A20421902A32}"
EndProject
Project("{9A19103F-16F7-4668-BE54-9A1E7A4F7556}") = "02.CarRace", "02.CarRace\02.CarRace.csproj", "{E6679F59-5E53-4881-B1E0-A591C8BC367F}"
EndProject
Project("{9A19103F-16F7-4668-BE54-9A1E7A4F7556}") = "03.Take_SkipRope", "03.Take_SkipRope\03.Take_SkipRope.csproj", "{269B9A28-453A-4921-AD1F-990BD118244E}"
EndProject
Project("{FAE04EC0-301F-11D3-BF4B-00C04F79EFBC}") = "04.MixedUpLists", "04.MixedUpLists\04.MixedUpLists.csproj", "{F7AF9E60-A228-4984-BCCC-A5A3371534B9}"
EndProject
Project("{FAE04EC0-301F-11D3-BF4B-00C04F79EFBC}") = "05.DrumSet", "05.DrumSet\05.DrumSet.csproj", "{F2CAF64D-0022-4FBD-A7EC-EF25DACD8213}"
EndProject
Global
	GlobalSection(SolutionConfigurationPlatforms) = preSolution
		Debug|Any CPU = Debug|Any CPU
		Release|Any CPU = Release|Any CPU
	EndGlobalSection
	GlobalSection(ProjectConfigurationPlatforms) = postSolution
		{AD6D1989-8886-4623-A1F8-A20421902A32}.Debug|Any CPU.ActiveCfg = Debug|Any CPU
		{AD6D1989-8886-4623-A1F8-A20421902A32}.Debug|Any CPU.Build.0 = Debug|Any CPU
		{AD6D1989-8886-4623-A1F8-A20421902A32}.Release|Any CPU.ActiveCfg = Release|Any CPU
		{AD6D1989-8886-4623-A1F8-A20421902A32}.Release|Any CPU.Build.0 = Release|Any CPU
		{E6679F59-5E53-4881-B1E0-A591C8BC367F}.Debug|Any CPU.ActiveCfg = Debug|Any CPU
		{E6679F59-5E53-4881-B1E0-A591C8BC367F}.Debug|Any CPU.Build.0 = Debug|Any CPU
		{E6679F59-5E53-4881-B1E0-A591C8BC367F}.Release|Any CPU.ActiveCfg = Release|Any CPU
		{E6679F59-5E53-4881-B1E0-A591C8BC367F}.Release|Any CPU.Build.0 = Release|Any CPU
		{269B9A28-453A-4921-AD1F-990BD118244E}.Debug|Any CPU.ActiveCfg = Debug|Any CPU
		{269B9A28-453A-4921-AD1F-990BD118244E}.Debug|Any CPU.Build.0 = Debug|Any CPU
		{269B9A28-453A-4921-AD1F-990BD118244E}.Release|Any CPU.ActiveCfg = Release|Any CPU
		{269B9A28-453A-4921-AD1F-990BD118244E}.Release|Any CPU.Build.0 = Release|Any CPU
		{F7AF9E60-A228-4984-BCCC-A5A3371534B9}.Debug|Any CPU.ActiveCfg = Debug|Any CPU
		{F7AF9E60-A228-4984-BCCC-A5A3371534B9}.Debug|Any CPU.Build.0 = Debug|Any CPU
		{F7AF9E60-A228-4984-BCCC-A5A3371534B9}.Release|Any CPU.ActiveCfg = Release|Any CPU
		{F7AF9E60-A228-4984-BCCC-A5A3371534B9}.Release|Any CPU.Build.0 = Release|Any CPU
		{F2CAF64D-0022-4FBD-A7EC-EF25DACD8213}.Debug|Any CPU.ActiveCfg = Debug|Any CPU
		{F2CAF64D-0022-4FBD-A7EC-EF25DACD8213}.Debug|Any CPU.Build.0 = Debug|Any CPU
		{F2CAF64D-0022-4FBD-A7EC-EF25DACD8213}.Release|Any CPU.ActiveCfg = Release|Any CPU
		{F2CAF64D-0022-4FBD-A7EC-EF25DACD8213}.Release|Any CPU.Build.0 = Release|Any CPU
	EndGlobalSection
	GlobalSection(SolutionProperties) = preSolution
		HideSolutionNode = FALSE
	EndGlobalSection
	GlobalSection(ExtensibilityGlobals) = postSolution
		SolutionGuid = {AB3949C5-059D-4F3C-BCE6-981E23DAF01C}
	EndGlobalSection
EndGlobal
