
Microsoft Visual Studio Solution File, Format Version 12.00
# Visual Studio 15
VisualStudioVersion = 15.0.28010.2050
MinimumVisualStudioVersion = 10.0.40219.1
Project("{FAE04EC0-301F-11D3-BF4B-00C04F79EFBC}") = "01.ReverseStrings", "01.ReverseStrings\01.ReverseStrings.csproj", "{87ED984C-294C-4C53-993A-C9E330DE2BED}"
EndProject
Project("{FAE04EC0-301F-11D3-BF4B-00C04F79EFBC}") = "02.RepeatStrings", "02.RepeatStrings\02.RepeatStrings.csproj", "{AC86FA06-4052-469D-8B67-5F3BC78724B6}"
EndProject
Project("{FAE04EC0-301F-11D3-BF4B-00C04F79EFBC}") = "03.Substring", "03.Substring\03.Substring.csproj", "{DE5BF610-6601-4BAF-82E8-3EF4469A6075}"
EndProject
Project("{FAE04EC0-301F-11D3-BF4B-00C04F79EFBC}") = "04.TextFilter", "04.TextFilter\04.TextFilter.csproj", "{818A3647-3662-4107-A90B-ACA2F41D3CCD}"
EndProject
Project("{FAE04EC0-301F-11D3-BF4B-00C04F79EFBC}") = "05.Digits_Letters_And_Other", "05.Digits_Letters_And_Other\05.Digits_Letters_And_Other.csproj", "{285C1CA7-92EB-4887-BF5E-7DDC2C521FA1}"
EndProject
Global
	GlobalSection(SolutionConfigurationPlatforms) = preSolution
		Debug|Any CPU = Debug|Any CPU
		Release|Any CPU = Release|Any CPU
	EndGlobalSection
	GlobalSection(ProjectConfigurationPlatforms) = postSolution
		{87ED984C-294C-4C53-993A-C9E330DE2BED}.Debug|Any CPU.ActiveCfg = Debug|Any CPU
		{87ED984C-294C-4C53-993A-C9E330DE2BED}.Debug|Any CPU.Build.0 = Debug|Any CPU
		{87ED984C-294C-4C53-993A-C9E330DE2BED}.Release|Any CPU.ActiveCfg = Release|Any CPU
		{87ED984C-294C-4C53-993A-C9E330DE2BED}.Release|Any CPU.Build.0 = Release|Any CPU
		{AC86FA06-4052-469D-8B67-5F3BC78724B6}.Debug|Any CPU.ActiveCfg = Debug|Any CPU
		{AC86FA06-4052-469D-8B67-5F3BC78724B6}.Debug|Any CPU.Build.0 = Debug|Any CPU
		{AC86FA06-4052-469D-8B67-5F3BC78724B6}.Release|Any CPU.ActiveCfg = Release|Any CPU
		{AC86FA06-4052-469D-8B67-5F3BC78724B6}.Release|Any CPU.Build.0 = Release|Any CPU
		{DE5BF610-6601-4BAF-82E8-3EF4469A6075}.Debug|Any CPU.ActiveCfg = Debug|Any CPU
		{DE5BF610-6601-4BAF-82E8-3EF4469A6075}.Debug|Any CPU.Build.0 = Debug|Any CPU
		{DE5BF610-6601-4BAF-82E8-3EF4469A6075}.Release|Any CPU.ActiveCfg = Release|Any CPU
		{DE5BF610-6601-4BAF-82E8-3EF4469A6075}.Release|Any CPU.Build.0 = Release|Any CPU
		{818A3647-3662-4107-A90B-ACA2F41D3CCD}.Debug|Any CPU.ActiveCfg = Debug|Any CPU
		{818A3647-3662-4107-A90B-ACA2F41D3CCD}.Debug|Any CPU.Build.0 = Debug|Any CPU
		{818A3647-3662-4107-A90B-ACA2F41D3CCD}.Release|Any CPU.ActiveCfg = Release|Any CPU
		{818A3647-3662-4107-A90B-ACA2F41D3CCD}.Release|Any CPU.Build.0 = Release|Any CPU
		{285C1CA7-92EB-4887-BF5E-7DDC2C521FA1}.Debug|Any CPU.ActiveCfg = Debug|Any CPU
		{285C1CA7-92EB-4887-BF5E-7DDC2C521FA1}.Debug|Any CPU.Build.0 = Debug|Any CPU
		{285C1CA7-92EB-4887-BF5E-7DDC2C521FA1}.Release|Any CPU.ActiveCfg = Release|Any CPU
		{285C1CA7-92EB-4887-BF5E-7DDC2C521FA1}.Release|Any CPU.Build.0 = Release|Any CPU
	EndGlobalSection
	GlobalSection(SolutionProperties) = preSolution
		HideSolutionNode = FALSE
	EndGlobalSection
	GlobalSection(ExtensibilityGlobals) = postSolution
		SolutionGuid = {510DAC1E-FD6D-4DF1-BC6E-4BB6632F9E17}
	EndGlobalSection
EndGlobal
