
Microsoft Visual Studio Solution File, Format Version 12.00
# Visual Studio 15
VisualStudioVersion = 15.0.28307.106
MinimumVisualStudioVersion = 10.0.40219.1
Project("{9A19103F-16F7-4668-BE54-9A1E7A4F7556}") = "03.SoftUniBarIncome", "03. SoftUniBarIncome\03.SoftUniBarIncome.csproj", "{E408CAC5-740D-4163-B811-2CEAF4C42A2C}"
EndProject
Project("{FAE04EC0-301F-11D3-BF4B-00C04F79EFBC}") = "04.SoftUniExamResults", "04.SoftUniExamResults\04.SoftUniExamResults.csproj", "{6A706483-4B44-44B3-8AEE-E13E1E020713}"
EndProject
Global
	GlobalSection(SolutionConfigurationPlatforms) = preSolution
		Debug|Any CPU = Debug|Any CPU
		Release|Any CPU = Release|Any CPU
	EndGlobalSection
	GlobalSection(ProjectConfigurationPlatforms) = postSolution
		{E408CAC5-740D-4163-B811-2CEAF4C42A2C}.Debug|Any CPU.ActiveCfg = Debug|Any CPU
		{E408CAC5-740D-4163-B811-2CEAF4C42A2C}.Debug|Any CPU.Build.0 = Debug|Any CPU
		{E408CAC5-740D-4163-B811-2CEAF4C42A2C}.Release|Any CPU.ActiveCfg = Release|Any CPU
		{E408CAC5-740D-4163-B811-2CEAF4C42A2C}.Release|Any CPU.Build.0 = Release|Any CPU
		{6A706483-4B44-44B3-8AEE-E13E1E020713}.Debug|Any CPU.ActiveCfg = Debug|Any CPU
		{6A706483-4B44-44B3-8AEE-E13E1E020713}.Debug|Any CPU.Build.0 = Debug|Any CPU
		{6A706483-4B44-44B3-8AEE-E13E1E020713}.Release|Any CPU.ActiveCfg = Release|Any CPU
		{6A706483-4B44-44B3-8AEE-E13E1E020713}.Release|Any CPU.Build.0 = Release|Any CPU
	EndGlobalSection
	GlobalSection(SolutionProperties) = preSolution
		HideSolutionNode = FALSE
	EndGlobalSection
	GlobalSection(ExtensibilityGlobals) = postSolution
		SolutionGuid = {2E39A45C-C01E-429D-86A2-20B56B41ADE6}
	EndGlobalSection
EndGlobal
