
Microsoft Visual Studio Solution File, Format Version 12.00
# Visual Studio 15
VisualStudioVersion = 15.0.28010.2046
MinimumVisualStudioVersion = 10.0.40219.1
Project("{9A19103F-16F7-4668-BE54-9A1E7A4F7556}") = "01.EncriptSortPrint", "01.EncriptSortPrint\01.EncriptSortPrint.csproj", "{FBFB64D2-C565-4D6E-9AC6-C4B63298E9D0}"
EndProject
Project("{9A19103F-16F7-4668-BE54-9A1E7A4F7556}") = "02.PascalTriangle", "02.PascalTriangle\02.PascalTriangle.csproj", "{6FBC0A35-C1D7-4DB8-B0D1-B37CF31C4195}"
EndProject
Project("{9A19103F-16F7-4668-BE54-9A1E7A4F7556}") = "03.RecursiveFibonacci", "03.RecursiveFibonacci\03.RecursiveFibonacci.csproj", "{BB3EA210-69DA-4781-91CF-C062B5CE8204}"
EndProject
Project("{9A19103F-16F7-4668-BE54-9A1E7A4F7556}") = "04.LongestIncreasingSubsequence", "04.LongestIncreasingSubsequence\04.LongestIncreasingSubsequence.csproj", "{8A7EC734-662B-4693-ABFC-D288B8A2D699}"
EndProject
Project("{FAE04EC0-301F-11D3-BF4B-00C04F79EFBC}") = "test", "test\test.csproj", "{38B8441A-1822-4292-A2AB-66279BE9E92D}"
EndProject
Global
	GlobalSection(SolutionConfigurationPlatforms) = preSolution
		Debug|Any CPU = Debug|Any CPU
		Release|Any CPU = Release|Any CPU
	EndGlobalSection
	GlobalSection(ProjectConfigurationPlatforms) = postSolution
		{FBFB64D2-C565-4D6E-9AC6-C4B63298E9D0}.Debug|Any CPU.ActiveCfg = Debug|Any CPU
		{FBFB64D2-C565-4D6E-9AC6-C4B63298E9D0}.Debug|Any CPU.Build.0 = Debug|Any CPU
		{FBFB64D2-C565-4D6E-9AC6-C4B63298E9D0}.Release|Any CPU.ActiveCfg = Release|Any CPU
		{FBFB64D2-C565-4D6E-9AC6-C4B63298E9D0}.Release|Any CPU.Build.0 = Release|Any CPU
		{6FBC0A35-C1D7-4DB8-B0D1-B37CF31C4195}.Debug|Any CPU.ActiveCfg = Debug|Any CPU
		{6FBC0A35-C1D7-4DB8-B0D1-B37CF31C4195}.Debug|Any CPU.Build.0 = Debug|Any CPU
		{6FBC0A35-C1D7-4DB8-B0D1-B37CF31C4195}.Release|Any CPU.ActiveCfg = Release|Any CPU
		{6FBC0A35-C1D7-4DB8-B0D1-B37CF31C4195}.Release|Any CPU.Build.0 = Release|Any CPU
		{BB3EA210-69DA-4781-91CF-C062B5CE8204}.Debug|Any CPU.ActiveCfg = Debug|Any CPU
		{BB3EA210-69DA-4781-91CF-C062B5CE8204}.Debug|Any CPU.Build.0 = Debug|Any CPU
		{BB3EA210-69DA-4781-91CF-C062B5CE8204}.Release|Any CPU.ActiveCfg = Release|Any CPU
		{BB3EA210-69DA-4781-91CF-C062B5CE8204}.Release|Any CPU.Build.0 = Release|Any CPU
		{8A7EC734-662B-4693-ABFC-D288B8A2D699}.Debug|Any CPU.ActiveCfg = Debug|Any CPU
		{8A7EC734-662B-4693-ABFC-D288B8A2D699}.Debug|Any CPU.Build.0 = Debug|Any CPU
		{8A7EC734-662B-4693-ABFC-D288B8A2D699}.Release|Any CPU.ActiveCfg = Release|Any CPU
		{8A7EC734-662B-4693-ABFC-D288B8A2D699}.Release|Any CPU.Build.0 = Release|Any CPU
		{38B8441A-1822-4292-A2AB-66279BE9E92D}.Debug|Any CPU.ActiveCfg = Debug|Any CPU
		{38B8441A-1822-4292-A2AB-66279BE9E92D}.Debug|Any CPU.Build.0 = Debug|Any CPU
		{38B8441A-1822-4292-A2AB-66279BE9E92D}.Release|Any CPU.ActiveCfg = Release|Any CPU
		{38B8441A-1822-4292-A2AB-66279BE9E92D}.Release|Any CPU.Build.0 = Release|Any CPU
	EndGlobalSection
	GlobalSection(SolutionProperties) = preSolution
		HideSolutionNode = FALSE
	EndGlobalSection
	GlobalSection(ExtensibilityGlobals) = postSolution
		SolutionGuid = {E6FDD150-4B49-4B90-8378-6DCEC25356E8}
	EndGlobalSection
EndGlobal
